
Microsoft Visual Studio Solution File, Format Version 12.00
# Visual Studio Version 16
VisualStudioVersion = 16.0.30406.217
MinimumVisualStudioVersion = 10.0.40219.1
Project("{FAE04EC0-301F-11D3-BF4B-00C04F79EFBC}") = "CreateTenants_New", "CreateTenants_New\CreateTenants_New.csproj", "{127709F9-F9AB-4009-89FF-234E346400D0}"
EndProject
Global
	GlobalSection(SolutionConfigurationPlatforms) = preSolution
		Debug|Any CPU = Debug|Any CPU
		Release|Any CPU = Release|Any CPU
	EndGlobalSection
	GlobalSection(ProjectConfigurationPlatforms) = postSolution
		{127709F9-F9AB-4009-89FF-234E346400D0}.Debug|Any CPU.ActiveCfg = Debug|Any CPU
		{127709F9-F9AB-4009-89FF-234E346400D0}.Debug|Any CPU.Build.0 = Debug|Any CPU
		{127709F9-F9AB-4009-89FF-234E346400D0}.Release|Any CPU.ActiveCfg = Release|Any CPU
		{127709F9-F9AB-4009-89FF-234E346400D0}.Release|Any CPU.Build.0 = Release|Any CPU
	EndGlobalSection
	GlobalSection(SolutionProperties) = preSolution
		HideSolutionNode = FALSE
	EndGlobalSection
	GlobalSection(ExtensibilityGlobals) = postSolution
		SolutionGuid = {674E1659-F8B4-415C-814A-9BC996C6F57D}
	EndGlobalSection
EndGlobal
